// !$*UTF8*$!
{
	archiveVersion = 1;
	classes = {
	};
	objectVersion = 50;
	objects = {

/* Begin PBXBuildFile section */
		CA3E05EE2464584900CBAFEE /* AppDelegate.swift in Sources */ = {isa = PBXBuildFile; fileRef = CA3E05ED2464584900CBAFEE /* AppDelegate.swift */; };
		CA3E05F02464584900CBAFEE /* SceneDelegate.swift in Sources */ = {isa = PBXBuildFile; fileRef = CA3E05EF2464584900CBAFEE /* SceneDelegate.swift */; };
		CA3E05F22464584900CBAFEE /* ContentView.swift in Sources */ = {isa = PBXBuildFile; fileRef = CA3E05F12464584900CBAFEE /* ContentView.swift */; };
		CA3E05F42464586B00CBAFEE /* Assets.xcassets in Resources */ = {isa = PBXBuildFile; fileRef = CA3E05F32464586B00CBAFEE /* Assets.xcassets */; };
		CA3E05F72464586C00CBAFEE /* Preview Assets.xcassets in Resources */ = {isa = PBXBuildFile; fileRef = CA3E05F62464586C00CBAFEE /* Preview Assets.xcassets */; };
		CA3E05FA2464586C00CBAFEE /* LaunchScreen.storyboard in Resources */ = {isa = PBXBuildFile; fileRef = CA3E05F82464586C00CBAFEE /* LaunchScreen.storyboard */; };
		CA3E06052464586D00CBAFEE /* CvprojetTests.swift in Sources */ = {isa = PBXBuildFile; fileRef = CA3E06042464586D00CBAFEE /* CvprojetTests.swift */; };
		CA3E06102464586D00CBAFEE /* CvprojetUITests.swift in Sources */ = {isa = PBXBuildFile; fileRef = CA3E060F2464586D00CBAFEE /* CvprojetUITests.swift */; };
		CA3E061E24646F2800CBAFEE /* testsublime.html in Resources */ = {isa = PBXBuildFile; fileRef = CA3E061D24646F2800CBAFEE /* testsublime.html */; };
/* End PBXBuildFile section */

/* Begin PBXContainerItemProxy section */
		CA3E06012464586D00CBAFEE /* PBXContainerItemProxy */ = {
			isa = PBXContainerItemProxy;
			containerPortal = CA3E05E22464584900CBAFEE /* Project object */;
			proxyType = 1;
			remoteGlobalIDString = CA3E05E92464584900CBAFEE;
			remoteInfo = Cvprojet;
		};
		CA3E060C2464586D00CBAFEE /* PBXContainerItemProxy */ = {
			isa = PBXContainerItemProxy;
			containerPortal = CA3E05E22464584900CBAFEE /* Project object */;
			proxyType = 1;
			remoteGlobalIDString = CA3E05E92464584900CBAFEE;
			remoteInfo = Cvprojet;
		};
/* End PBXContainerItemProxy section */

/* Begin PBXFileReference section */
		CA3E05EA2464584900CBAFEE /* Cvprojet.app */ = {isa = PBXFileReference; explicitFileType = wrapper.application; includeInIndex = 0; path = Cvprojet.app; sourceTree = BUILT_PRODUCTS_DIR; };
		CA3E05ED2464584900CBAFEE /* AppDelegate.swift */ = {isa = PBXFileReference; lastKnownFileType = sourcecode.swift; path = AppDelegate.swift; sourceTree = "<group>"; };
		CA3E05EF2464584900CBAFEE /* SceneDelegate.swift */ = {isa = PBXFileReference; lastKnownFileType = sourcecode.swift; path = SceneDelegate.swift; sourceTree = "<group>"; };
		CA3E05F12464584900CBAFEE /* ContentView.swift */ = {isa = PBXFileReference; lastKnownFileType = sourcecode.swift; path = ContentView.swift; sourceTree = "<group>"; };
		CA3E05F32464586B00CBAFEE /* Assets.xcassets */ = {isa = PBXFileReference; lastKnownFileType = folder.assetcatalog; path = Assets.xcassets; sourceTree = "<group>"; };
		CA3E05F62464586C00CBAFEE /* Preview Assets.xcassets */ = {isa = PBXFileReference; lastKnownFileType = folder.assetcatalog; path = "Preview Assets.xcassets"; sourceTree = "<group>"; };
		CA3E05F92464586C00CBAFEE /* Base */ = {isa = PBXFileReference; lastKnownFileType = file.storyboard; name = Base; path = Base.lproj/LaunchScreen.storyboard; sourceTree = "<group>"; };
		CA3E05FB2464586C00CBAFEE /* Info.plist */ = {isa = PBXFileReference; lastKnownFileType = text.plist.xml; path = Info.plist; sourceTree = "<group>"; };
		CA3E06002464586D00CBAFEE /* CvprojetTests.xctest */ = {isa = PBXFileReference; explicitFileType = wrapper.cfbundle; includeInIndex = 0; path = CvprojetTests.xctest; sourceTree = BUILT_PRODUCTS_DIR; };
		CA3E06042464586D00CBAFEE /* CvprojetTests.swift */ = {isa = PBXFileReference; lastKnownFileType = sourcecode.swift; path = CvprojetTests.swift; sourceTree = "<group>"; };
		CA3E06062464586D00CBAFEE /* Info.plist */ = {isa = PBXFileReference; lastKnownFileType = text.plist.xml; path = Info.plist; sourceTree = "<group>"; };
		CA3E060B2464586D00CBAFEE /* CvprojetUITests.xctest */ = {isa = PBXFileReference; explicitFileType = wrapper.cfbundle; includeInIndex = 0; path = CvprojetUITests.xctest; sourceTree = BUILT_PRODUCTS_DIR; };
		CA3E060F2464586D00CBAFEE /* CvprojetUITests.swift */ = {isa = PBXFileReference; lastKnownFileType = sourcecode.swift; path = CvprojetUITests.swift; sourceTree = "<group>"; };
		CA3E06112464586D00CBAFEE /* Info.plist */ = {isa = PBXFileReference; lastKnownFileType = text.plist.xml; path = Info.plist; sourceTree = "<group>"; };
		CA3E061D24646F2800CBAFEE /* testsublime.html */ = {isa = PBXFileReference; fileEncoding = 4; lastKnownFileType = text.html; name = testsublime.html; path = ../testsublime.html; sourceTree = "<group>"; };
		CA3E061F2464707F00CBAFEE /* testsublime.html */ = {isa = PBXFileReference; lastKnownFileType = text.html; path = testsublime.html; sourceTree = "<group>"; };
/* End PBXFileReference section */

/* Begin PBXFrameworksBuildPhase section */
		CA3E05E72464584900CBAFEE /* Frameworks */ = {
			isa = PBXFrameworksBuildPhase;
			buildActionMask = 2147483647;
			files = (
			);
			runOnlyForDeploymentPostprocessing = 0;
		};
		CA3E05FD2464586D00CBAFEE /* Frameworks */ = {
			isa = PBXFrameworksBuildPhase;
			buildActionMask = 2147483647;
			files = (
			);
			runOnlyForDeploymentPostprocessing = 0;
		};
		CA3E06082464586D00CBAFEE /* Frameworks */ = {
			isa = PBXFrameworksBuildPhase;
			buildActionMask = 2147483647;
			files = (
			);
			runOnlyForDeploymentPostprocessing = 0;
		};
/* End PBXFrameworksBuildPhase section */

/* Begin PBXGroup section */
		CA3E05E12464584900CBAFEE = {
			isa = PBXGroup;
			children = (
				CA3E061D24646F2800CBAFEE /* testsublime.html */,
				CA3E05EC2464584900CBAFEE /* Cvprojet */,
				CA3E06032464586D00CBAFEE /* CvprojetTests */,
				CA3E060E2464586D00CBAFEE /* CvprojetUITests */,
				CA3E05EB2464584900CBAFEE /* Products */,
			);
			sourceTree = "<group>";
		};
		CA3E05EB2464584900CBAFEE /* Products */ = {
			isa = PBXGroup;
			children = (
				CA3E05EA2464584900CBAFEE /* Cvprojet.app */,
				CA3E06002464586D00CBAFEE /* CvprojetTests.xctest */,
				CA3E060B2464586D00CBAFEE /* CvprojetUITests.xctest */,
			);
			name = Products;
			sourceTree = "<group>";
		};
		CA3E05EC2464584900CBAFEE /* Cvprojet */ = {
			isa = PBXGroup;
			children = (
				CA3E05ED2464584900CBAFEE /* AppDelegate.swift */,
				CA3E05EF2464584900CBAFEE /* SceneDelegate.swift */,
				CA3E061F2464707F00CBAFEE /* testsublime.html */,
				CA3E05F12464584900CBAFEE /* ContentView.swift */,
				CA3E05F32464586B00CBAFEE /* Assets.xcassets */,
				CA3E05F82464586C00CBAFEE /* LaunchScreen.storyboard */,
				CA3E05FB2464586C00CBAFEE /* Info.plist */,
				CA3E05F52464586C00CBAFEE /* Preview Content */,
			);
			path = Cvprojet;
			sourceTree = "<group>";
		};
		CA3E05F52464586C00CBAFEE /* Preview Content */ = {
			isa = PBXGroup;
			children = (
				CA3E05F62464586C00CBAFEE /* Preview Assets.xcassets */,
			);
			path = "Preview Content";
			sourceTree = "<group>";
		};
		CA3E06032464586D00CBAFEE /* CvprojetTests */ = {
			isa = PBXGroup;
			children = (
				CA3E06042464586D00CBAFEE /* CvprojetTests.swift */,
				CA3E06062464586D00CBAFEE /* Info.plist */,
			);
			path = CvprojetTests;
			sourceTree = "<group>";
		};
		CA3E060E2464586D00CBAFEE /* CvprojetUITests */ = {
			isa = PBXGroup;
			children = (
				CA3E060F2464586D00CBAFEE /* CvprojetUITests.swift */,
				CA3E06112464586D00CBAFEE /* Info.plist */,
			);
			path = CvprojetUITests;
			sourceTree = "<group>";
		};
/* End PBXGroup section */

/* Begin PBXNativeTarget section */
		CA3E05E92464584900CBAFEE /* Cvprojet */ = {
			isa = PBXNativeTarget;
			buildConfigurationList = CA3E06142464586D00CBAFEE /* Build configuration list for PBXNativeTarget "Cvprojet" */;
			buildPhases = (
				CA3E05E62464584900CBAFEE /* Sources */,
				CA3E05E72464584900CBAFEE /* Frameworks */,
				CA3E05E82464584900CBAFEE /* Resources */,
			);
			buildRules = (
			);
			dependencies = (
			);
			name = Cvprojet;
			productName = Cvprojet;
			productReference = CA3E05EA2464584900CBAFEE /* Cvprojet.app */;
			productType = "com.apple.product-type.application";
		};
		CA3E05FF2464586D00CBAFEE /* CvprojetTests */ = {
			isa = PBXNativeTarget;
			buildConfigurationList = CA3E06172464586D00CBAFEE /* Build configuration list for PBXNativeTarget "CvprojetTests" */;
			buildPhases = (
				CA3E05FC2464586D00CBAFEE /* Sources */,
				CA3E05FD2464586D00CBAFEE /* Frameworks */,
				CA3E05FE2464586D00CBAFEE /* Resources */,
			);
			buildRules = (
			);
			dependencies = (
				CA3E06022464586D00CBAFEE /* PBXTargetDependency */,
			);
			name = CvprojetTests;
			productName = CvprojetTests;
			productReference = CA3E06002464586D00CBAFEE /* CvprojetTests.xctest */;
			productType = "com.apple.product-type.bundle.unit-test";
		};
		CA3E060A2464586D00CBAFEE /* CvprojetUITests */ = {
			isa = PBXNativeTarget;
			buildConfigurationList = CA3E061A2464586D00CBAFEE /* Build configuration list for PBXNativeTarget "CvprojetUITests" */;
			buildPhases = (
				CA3E06072464586D00CBAFEE /* Sources */,
				CA3E06082464586D00CBAFEE /* Frameworks */,
				CA3E06092464586D00CBAFEE /* Resources */,
			);
			buildRules = (
			);
			dependencies = (
				CA3E060D2464586D00CBAFEE /* PBXTargetDependency */,
			);
			name = CvprojetUITests;
			productName = CvprojetUITests;
			productReference = CA3E060B2464586D00CBAFEE /* CvprojetUITests.xctest */;
			productType = "com.apple.product-type.bundle.ui-testing";
		};
/* End PBXNativeTarget section */

/* Begin PBXProject section */
		CA3E05E22464584900CBAFEE /* Project object */ = {
			isa = PBXProject;
			attributes = {
				LastSwiftUpdateCheck = 1140;
				LastUpgradeCheck = 1140;
				ORGANIZATIONNAME = "Alix Anastassiou";
				TargetAttributes = {
					CA3E05E92464584900CBAFEE = {
						CreatedOnToolsVersion = 11.4.1;
					};
					CA3E05FF2464586D00CBAFEE = {
						CreatedOnToolsVersion = 11.4.1;
						TestTargetID = CA3E05E92464584900CBAFEE;
					};
					CA3E060A2464586D00CBAFEE = {
						CreatedOnToolsVersion = 11.4.1;
						TestTargetID = CA3E05E92464584900CBAFEE;
					};
				};
			};
			buildConfigurationList = CA3E05E52464584900CBAFEE /* Build configuration list for PBXProject "Cvprojet" */;
			compatibilityVersion = "Xcode 9.3";
			developmentRegion = en;
			hasScannedForEncodings = 0;
			knownRegions = (
				en,
				Base,
			);
			mainGroup = CA3E05E12464584900CBAFEE;
			productRefGroup = CA3E05EB2464584900CBAFEE /* Products */;
			projectDirPath = "";
			projectRoot = "";
			targets = (
				CA3E05E92464584900CBAFEE /* Cvprojet */,
				CA3E05FF2464586D00CBAFEE /* CvprojetTests */,
				CA3E060A2464586D00CBAFEE /* CvprojetUITests */,
			);
		};
/* End PBXProject section */

/* Begin PBXResourcesBuildPhase section */
		CA3E05E82464584900CBAFEE /* Resources */ = {
			isa = PBXResourcesBuildPhase;
			buildActionMask = 2147483647;
			files = (
				CA3E061E24646F2800CBAFEE /* testsublime.html in Resources */,
				CA3E05FA2464586C00CBAFEE /* LaunchScreen.storyboard in Resources */,
				CA3E05F72464586C00CBAFEE /* Preview Assets.xcassets in Resources */,
				CA3E05F42464586B00CBAFEE /* Assets.xcassets in Resources */,
			);
			runOnlyForDeploymentPostprocessing = 0;
		};
		CA3E05FE2464586D00CBAFEE /* Resources */ = {
			isa = PBXResourcesBuildPhase;
			buildActionMask = 2147483647;
			files = (
			);
			runOnlyForDeploymentPostprocessing = 0;
		};
		CA3E06092464586D00CBAFEE /* Resources */ = {
			isa = PBXResourcesBuildPhase;
			buildActionMask = 2147483647;
			files = (
			);
			runOnlyForDeploymentPostprocessing = 0;
		};
/* End PBXResourcesBuildPhase section */

/* Begin PBXSourcesBuildPhase section */
		CA3E05E62464584900CBAFEE /* Sources */ = {
			isa = PBXSourcesBuildPhase;
			buildActionMask = 2147483647;
			files = (
				CA3E05EE2464584900CBAFEE /* AppDelegate.swift in Sources */,
				CA3E05F02464584900CBAFEE /* SceneDelegate.swift in Sources */,
				CA3E05F22464584900CBAFEE /* ContentView.swift in Sources */,
			);
			runOnlyForDeploymentPostprocessing = 0;
		};
		CA3E05FC2464586D00CBAFEE /* Sources */ = {
			isa = PBXSourcesBuildPhase;
			buildActionMask = 2147483647;
			files = (
				CA3E06052464586D00CBAFEE /* CvprojetTests.swift in Sources */,
			);
			runOnlyForDeploymentPostprocessing = 0;
		};
		CA3E06072464586D00CBAFEE /* Sources */ = {
			isa = PBXSourcesBuildPhase;
			buildActionMask = 2147483647;
			files = (
				CA3E06102464586D00CBAFEE /* CvprojetUITests.swift in Sources */,
			);
			runOnlyForDeploymentPostprocessing = 0;
		};
/* End PBXSourcesBuildPhase section */

/* Begin PBXTargetDependency section */
		CA3E06022464586D00CBAFEE /* PBXTargetDependency */ = {
			isa = PBXTargetDependency;
			target = CA3E05E92464584900CBAFEE /* Cvprojet */;
			targetProxy = CA3E06012464586D00CBAFEE /* PBXContainerItemProxy */;
		};
		CA3E060D2464586D00CBAFEE /* PBXTargetDependency */ = {
			isa = PBXTargetDependency;
			target = CA3E05E92464584900CBAFEE /* Cvprojet */;
			targetProxy = CA3E060C2464586D00CBAFEE /* PBXContainerItemProxy */;
		};
/* End PBXTargetDependency section */

/* Begin PBXVariantGroup section */
		CA3E05F82464586C00CBAFEE /* LaunchScreen.storyboard */ = {
			isa = PBXVariantGroup;
			children = (
				CA3E05F92464586C00CBAFEE /* Base */,
			);
			name = LaunchScreen.storyboard;
			sourceTree = "<group>";
		};
/* End PBXVariantGroup section */

/* Begin XCBuildConfiguration section */
		CA3E06122464586D00CBAFEE /* Debug */ = {
			isa = XCBuildConfiguration;
			buildSettings = {
				ALWAYS_SEARCH_USER_PATHS = NO;
				CLANG_ANALYZER_NONNULL = YES;
				CLANG_ANALYZER_NUMBER_OBJECT_CONVERSION = YES_AGGRESSIVE;
				CLANG_CXX_LANGUAGE_STANDARD = "gnu++14";
				CLANG_CXX_LIBRARY = "libc++";
				CLANG_ENABLE_MODULES = YES;
				CLANG_ENABLE_OBJC_ARC = YES;
				CLANG_ENABLE_OBJC_WEAK = YES;
				CLANG_WARN_BLOCK_CAPTURE_AUTORELEASING = YES;
				CLANG_WARN_BOOL_CONVERSION = YES;
				CLANG_WARN_COMMA = YES;
				CLANG_WARN_CONSTANT_CONVERSION = YES;
				CLANG_WARN_DEPRECATED_OBJC_IMPLEMENTATIONS = YES;
				CLANG_WARN_DIRECT_OBJC_ISA_USAGE = YES_ERROR;
				CLANG_WARN_DOCUMENTATION_COMMENTS = YES;
				CLANG_WARN_EMPTY_BODY = YES;
				CLANG_WARN_ENUM_CONVERSION = YES;
				CLANG_WARN_INFINITE_RECURSION = YES;
				CLANG_WARN_INT_CONVERSION = YES;
				CLANG_WARN_NON_LITERAL_NULL_CONVERSION = YES;
				CLANG_WARN_OBJC_IMPLICIT_RETAIN_SELF = YES;
				CLANG_WARN_OBJC_LITERAL_CONVERSION = YES;
				CLANG_WARN_OBJC_ROOT_CLASS = YES_ERROR;
				CLANG_WARN_RANGE_LOOP_ANALYSIS = YES;
				CLANG_WARN_STRICT_PROTOTYPES = YES;
				CLANG_WARN_SUSPICIOUS_MOVE = YES;
				CLANG_WARN_UNGUARDED_AVAILABILITY = YES_AGGRESSIVE;
				CLANG_WARN_UNREACHABLE_CODE = YES;
				CLANG_WARN__DUPLICATE_METHOD_MATCH = YES;
				COPY_PHASE_STRIP = NO;
				DEBUG_INFORMATION_FORMAT = dwarf;
				ENABLE_STRICT_OBJC_MSGSEND = YES;
				ENABLE_TESTABILITY = YES;
				GCC_C_LANGUAGE_STANDARD = gnu11;
				GCC_DYNAMIC_NO_PIC = NO;
				GCC_NO_COMMON_BLOCKS = YES;
				GCC_OPTIMIZATION_LEVEL = 0;
				GCC_PREPROCESSOR_DEFINITIONS = (
					"DEBUG=1",
					"$(inherited)",
				);
				GCC_WARN_64_TO_32_BIT_CONVERSION = YES;
				GCC_WARN_ABOUT_RETURN_TYPE = YES_ERROR;
				GCC_WARN_UNDECLARED_SELECTOR = YES;
				GCC_WARN_UNINITIALIZED_AUTOS = YES_AGGRESSIVE;
				GCC_WARN_UNUSED_FUNCTION = YES;
				GCC_WARN_UNUSED_VARIABLE = YES;
				IPHONEOS_DEPLOYMENT_TARGET = 13.4;
				MTL_ENABLE_DEBUG_INFO = INCLUDE_SOURCE;
				MTL_FAST_MATH = YES;
				ONLY_ACTIVE_ARCH = YES;
				SDKROOT = iphoneos;
				SWIFT_ACTIVE_COMPILATION_CONDITIONS = DEBUG;
				SWIFT_OPTIMIZATION_LEVEL = "-Onone";
			};
			name = Debug;
		};
		CA3E06132464586D00CBAFEE /* Release */ = {
			isa = XCBuildConfiguration;
			buildSettings = {
				ALWAYS_SEARCH_USER_PATHS = NO;
				CLANG_ANALYZER_NONNULL = YES;
				CLANG_ANALYZER_NUMBER_OBJECT_CONVERSION = YES_AGGRESSIVE;
				CLANG_CXX_LANGUAGE_STANDARD = "gnu++14";
				CLANG_CXX_LIBRARY = "libc++";
				CLANG_ENABLE_MODULES = YES;
				CLANG_ENABLE_OBJC_ARC = YES;
				CLANG_ENABLE_OBJC_WEAK = YES;
				CLANG_WARN_BLOCK_CAPTURE_AUTORELEASING = YES;
				CLANG_WARN_BOOL_CONVERSION = YES;
				CLANG_WARN_COMMA = YES;
				CLANG_WARN_CONSTANT_CONVERSION = YES;
				CLANG_WARN_DEPRECATED_OBJC_IMPLEMENTATIONS = YES;
				CLANG_WARN_DIRECT_OBJC_ISA_USAGE = YES_ERROR;
				CLANG_WARN_DOCUMENTATION_COMMENTS = YES;
				CLANG_WARN_EMPTY_BODY = YES;
				CLANG_WARN_ENUM_CONVERSION = YES;
				CLANG_WARN_INFINITE_RECURSION = YES;
				CLANG_WARN_INT_CONVERSION = YES;
				CLANG_WARN_NON_LITERAL_NULL_CONVERSION = YES;
				CLANG_WARN_OBJC_IMPLICIT_RETAIN_SELF = YES;
				CLANG_WARN_OBJC_LITERAL_CONVERSION = YES;
				CLANG_WARN_OBJC_ROOT_CLASS = YES_ERROR;
				CLANG_WARN_RANGE_LOOP_ANALYSIS = YES;
				CLANG_WARN_STRICT_PROTOTYPES = YES;
				CLANG_WARN_SUSPICIOUS_MOVE = YES;
				CLANG_WARN_UNGUARDED_AVAILABILITY = YES_AGGRESSIVE;
				CLANG_WARN_UNREACHABLE_CODE = YES;
				CLANG_WARN__DUPLICATE_METHOD_MATCH = YES;
				COPY_PHASE_STRIP = NO;
				DEBUG_INFORMATION_FORMAT = "dwarf-with-dsym";
				ENABLE_NS_ASSERTIONS = NO;
				ENABLE_STRICT_OBJC_MSGSEND = YES;
				GCC_C_LANGUAGE_STANDARD = gnu11;
				GCC_NO_COMMON_BLOCKS = YES;
				GCC_WARN_64_TO_32_BIT_CONVERSION = YES;
				GCC_WARN_ABOUT_RETURN_TYPE = YES_ERROR;
				GCC_WARN_UNDECLARED_SELECTOR = YES;
				GCC_WARN_UNINITIALIZED_AUTOS = YES_AGGRESSIVE;
				GCC_WARN_UNUSED_FUNCTION = YES;
				GCC_WARN_UNUSED_VARIABLE = YES;
				IPHONEOS_DEPLOYMENT_TARGET = 13.4;
				MTL_ENABLE_DEBUG_INFO = NO;
				MTL_FAST_MATH = YES;
				SDKROOT = iphoneos;
				SWIFT_COMPILATION_MODE = wholemodule;
				SWIFT_OPTIMIZATION_LEVEL = "-O";
				VALIDATE_PRODUCT = YES;
			};
			name = Release;
		};
		CA3E06152464586D00CBAFEE /* Debug */ = {
			isa = XCBuildConfiguration;
			buildSettings = {
				ASSETCATALOG_COMPILER_APPICON_NAME = AppIcon;
				CODE_SIGN_STYLE = Automatic;
				DEVELOPMENT_ASSET_PATHS = "\"Cvprojet/Preview Content\"";
				DEVELOPMENT_TEAM = 69RT5C42QV;
				ENABLE_PREVIEWS = YES;
				INFOPLIST_FILE = Cvprojet/Info.plist;
				LD_RUNPATH_SEARCH_PATHS = (
					"$(inherited)",
					"@executable_path/Frameworks",
				);
				PRODUCT_BUNDLE_IDENTIFIER = com.alixanastassiou.Cvprojet;
				PRODUCT_NAME = "$(TARGET_NAME)";
				SWIFT_VERSION = 5.0;
				TARGETED_DEVICE_FAMILY = "1,2";
			};
			name = Debug;
		};
		CA3E06162464586D00CBAFEE /* Release */ = {
			isa = XCBuildConfiguration;
			buildSettings = {
				ASSETCATALOG_COMPILER_APPICON_NAME = AppIcon;
				CODE_SIGN_STYLE = Automatic;
				DEVELOPMENT_ASSET_PATHS = "\"Cvprojet/Preview Content\"";
				DEVELOPMENT_TEAM = 69RT5C42QV;
				ENABLE_PREVIEWS = YES;
				INFOPLIST_FILE = Cvprojet/Info.plist;
				LD_RUNPATH_SEARCH_PATHS = (
					"$(inherited)",
					"@executable_path/Frameworks",
				);
				PRODUCT_BUNDLE_IDENTIFIER = com.alixanastassiou.Cvprojet;
				PRODUCT_NAME = "$(TARGET_NAME)";
				SWIFT_VERSION = 5.0;
				TARGETED_DEVICE_FAMILY = "1,2";
			};
			name = Release;
		};
		CA3E06182464586D00CBAFEE /* Debug */ = {
			isa = XCBuildConfiguration;
			buildSettings = {
				ALWAYS_EMBED_SWIFT_STANDARD_LIBRARIES = YES;
				BUNDLE_LOADER = "$(TEST_HOST)";
				CODE_SIGN_STYLE = Automatic;
				DEVELOPMENT_TEAM = 69RT5C42QV;
				INFOPLIST_FILE = CvprojetTests/Info.plist;
				IPHONEOS_DEPLOYMENT_TARGET = 13.4;
				LD_RUNPATH_SEARCH_PATHS = (
					"$(inherited)",
					"@executable_path/Frameworks",
					"@loader_path/Frameworks",
				);
				PRODUCT_BUNDLE_IDENTIFIER = com.alixanastassiou.CvprojetTests;
				PRODUCT_NAME = "$(TARGET_NAME)";
				SWIFT_VERSION = 5.0;
				TARGETED_DEVICE_FAMILY = "1,2";
				TEST_HOST = "$(BUILT_PRODUCTS_DIR)/Cvprojet.app/Cvprojet";
			};
			name = Debug;
		};
		CA3E06192464586D00CBAFEE /* Release */ = {
			isa = XCBuildConfiguration;
			buildSettings = {
				ALWAYS_EMBED_SWIFT_STANDARD_LIBRARIES = YES;
				BUNDLE_LOADER = "$(TEST_HOST)";
				CODE_SIGN_STYLE = Automatic;
				DEVELOPMENT_TEAM = 69RT5C42QV;
				INFOPLIST_FILE = CvprojetTests/Info.plist;
				IPHONEOS_DEPLOYMENT_TARGET = 13.4;
				LD_RUNPATH_SEARCH_PATHS = (
					"$(inherited)",
					"@executable_path/Frameworks",
					"@loader_path/Frameworks",
				);
				PRODUCT_BUNDLE_IDENTIFIER = com.alixanastassiou.CvprojetTests;
				PRODUCT_NAME = "$(TARGET_NAME)";
				SWIFT_VERSION = 5.0;
				TARGETED_DEVICE_FAMILY = "1,2";
				TEST_HOST = "$(BUILT_PRODUCTS_DIR)/Cvprojet.app/Cvprojet";
			};
			name = Release;
		};
		CA3E061B2464586D00CBAFEE /* Debug */ = {
			isa = XCBuildConfiguration;
			buildSettings = {
				ALWAYS_EMBED_SWIFT_STANDARD_LIBRARIES = YES;
				CODE_SIGN_STYLE = Automatic;
				DEVELOPMENT_TEAM = 69RT5C42QV;
				INFOPLIST_FILE = CvprojetUITests/Info.plist;
				LD_RUNPATH_SEARCH_PATHS = (
					"$(inherited)",
					"@executable_path/Frameworks",
					"@loader_path/Frameworks",
				);
				PRODUCT_BUNDLE_IDENTIFIER = com.alixanastassiou.CvprojetUITests;
				PRODUCT_NAME = "$(TARGET_NAME)";
				SWIFT_VERSION = 5.0;
				TARGETED_DEVICE_FAMILY = "1,2";
				TEST_TARGET_NAME = Cvprojet;
			};
			name = Debug;
		};
		CA3E061C2464586D00CBAFEE /* Release */ = {
			isa = XCBuildConfiguration;
			buildSettings = {
				ALWAYS_EMBED_SWIFT_STANDARD_LIBRARIES = YES;
				CODE_SIGN_STYLE = Automatic;
				DEVELOPMENT_TEAM = 69RT5C42QV;
				INFOPLIST_FILE = CvprojetUITests/Info.plist;
				LD_RUNPATH_SEARCH_PATHS = (
					"$(inherited)",
					"@executable_path/Frameworks",
					"@loader_path/Frameworks",
				);
				PRODUCT_BUNDLE_IDENTIFIER = com.alixanastassiou.CvprojetUITests;
				PRODUCT_NAME = "$(TARGET_NAME)";
				SWIFT_VERSION = 5.0;
				TARGETED_DEVICE_FAMILY = "1,2";
				TEST_TARGET_NAME = Cvprojet;
			};
			name = Release;
		};
/* End XCBuildConfiguration section */

/* Begin XCConfigurationList section */
		CA3E05E52464584900CBAFEE /* Build configuration list for PBXProject "Cvprojet" */ = {
			isa = XCConfigurationList;
			buildConfigurations = (
				CA3E06122464586D00CBAFEE /* Debug */,
				CA3E06132464586D00CBAFEE /* Release */,
			);
			defaultConfigurationIsVisible = 0;
			defaultConfigurationName = Release;
		};
		CA3E06142464586D00CBAFEE /* Build configuration list for PBXNativeTarget "Cvprojet" */ = {
			isa = XCConfigurationList;
			buildConfigurations = (
				CA3E06152464586D00CBAFEE /* Debug */,
				CA3E06162464586D00CBAFEE /* Release */,
			);
			defaultConfigurationIsVisible = 0;
			defaultConfigurationName = Release;
		};
		CA3E06172464586D00CBAFEE /* Build configuration list for PBXNativeTarget "CvprojetTests" */ = {
			isa = XCConfigurationList;
			buildConfigurations = (
				CA3E06182464586D00CBAFEE /* Debug */,
				CA3E06192464586D00CBAFEE /* Release */,
			);
			defaultConfigurationIsVisible = 0;
			defaultConfigurationName = Release;
		};
		CA3E061A2464586D00CBAFEE /* Build configuration list for PBXNativeTarget "CvprojetUITests" */ = {
			isa = XCConfigurationList;
			buildConfigurations = (
				CA3E061B2464586D00CBAFEE /* Debug */,
				CA3E061C2464586D00CBAFEE /* Release */,
			);
			defaultConfigurationIsVisible = 0;
			defaultConfigurationName = Release;
		};
/* End XCConfigurationList section */
	};
	rootObject = CA3E05E22464584900CBAFEE /* Project object */;
}
